
Microsoft Visual Studio Solution File, Format Version 12.00
# Visual Studio Version 17
VisualStudioVersion = 17.7.34221.43
MinimumVisualStudioVersion = 10.0.40219.1
Project("{FAE04EC0-301F-11D3-BF4B-00C04F79EFBC}") = "Final", "Final\Final.csproj", "{C9058B90-FE4C-43DD-92B9-8231B5E20EBB}"
EndProject
Global
	GlobalSection(SolutionConfigurationPlatforms) = preSolution
		Debug|Any CPU = Debug|Any CPU
		Release|Any CPU = Release|Any CPU
	EndGlobalSection
	GlobalSection(ProjectConfigurationPlatforms) = postSolution
		{C9058B90-FE4C-43DD-92B9-8231B5E20EBB}.Debug|Any CPU.ActiveCfg = Debug|Any CPU
		{C9058B90-FE4C-43DD-92B9-8231B5E20EBB}.Debug|Any CPU.Build.0 = Debug|Any CPU
		{C9058B90-FE4C-43DD-92B9-8231B5E20EBB}.Release|Any CPU.ActiveCfg = Release|Any CPU
		{C9058B90-FE4C-43DD-92B9-8231B5E20EBB}.Release|Any CPU.Build.0 = Release|Any CPU
	EndGlobalSection
	GlobalSection(SolutionProperties) = preSolution
		HideSolutionNode = FALSE
	EndGlobalSection
	GlobalSection(ExtensibilityGlobals) = postSolution
		SolutionGuid = {D1E82469-BA58-4582-9884-7D1310F55357}
	EndGlobalSection
EndGlobal
