
Microsoft Visual Studio Solution File, Format Version 12.00
# Visual Studio Version 17
VisualStudioVersion = 17.7.34221.43
MinimumVisualStudioVersion = 10.0.40219.1
Project("{9A19103F-16F7-4668-BE54-9A1E7A4F7556}") = "Project", "Project\Project.csproj", "{2211B941-D977-4FFB-87AE-9205363C99F9}"
EndProject
Project("{FAE04EC0-301F-11D3-BF4B-00C04F79EFBC}") = "Practice", "Practice\Practice.csproj", "{9E673202-9D9A-4DC8-8504-89DACECDC8A3}"
EndProject
Global
	GlobalSection(SolutionConfigurationPlatforms) = preSolution
		Debug|Any CPU = Debug|Any CPU
		Release|Any CPU = Release|Any CPU
	EndGlobalSection
	GlobalSection(ProjectConfigurationPlatforms) = postSolution
		{2211B941-D977-4FFB-87AE-9205363C99F9}.Debug|Any CPU.ActiveCfg = Debug|Any CPU
		{2211B941-D977-4FFB-87AE-9205363C99F9}.Debug|Any CPU.Build.0 = Debug|Any CPU
		{2211B941-D977-4FFB-87AE-9205363C99F9}.Release|Any CPU.ActiveCfg = Release|Any CPU
		{2211B941-D977-4FFB-87AE-9205363C99F9}.Release|Any CPU.Build.0 = Release|Any CPU
		{9E673202-9D9A-4DC8-8504-89DACECDC8A3}.Debug|Any CPU.ActiveCfg = Debug|Any CPU
		{9E673202-9D9A-4DC8-8504-89DACECDC8A3}.Debug|Any CPU.Build.0 = Debug|Any CPU
		{9E673202-9D9A-4DC8-8504-89DACECDC8A3}.Release|Any CPU.ActiveCfg = Release|Any CPU
		{9E673202-9D9A-4DC8-8504-89DACECDC8A3}.Release|Any CPU.Build.0 = Release|Any CPU
	EndGlobalSection
	GlobalSection(SolutionProperties) = preSolution
		HideSolutionNode = FALSE
	EndGlobalSection
	GlobalSection(ExtensibilityGlobals) = postSolution
		SolutionGuid = {2675F687-4A83-4ECA-92C0-8A787EC3850D}
	EndGlobalSection
EndGlobal
