
Microsoft Visual Studio Solution File, Format Version 12.00
# Visual Studio Version 17
VisualStudioVersion = 17.7.34009.444
MinimumVisualStudioVersion = 10.0.40219.1
Project("{9A19103F-16F7-4668-BE54-9A1E7A4F7556}") = "TaskFour_TicTacToe", "TaskFour_TicTacToe\TaskFour_TicTacToe.csproj", "{40CD6672-0577-48C9-895D-D1761B6B6316}"
EndProject
Project("{9A19103F-16F7-4668-BE54-9A1E7A4F7556}") = "TaskOne_22_7_50", "TaskOne_22_7_50\TaskOne_22_7_50.csproj", "{E89C376B-7EDC-467F-ACFE-6AE70943BE61}"
EndProject
Project("{9A19103F-16F7-4668-BE54-9A1E7A4F7556}") = "TaskThree_CalculateSum", "TaskThreeCalculateSum\TaskThree_CalculateSum.csproj", "{24D0E89A-B776-44E6-86B4-71903FE78244}"
EndProject
Project("{FAE04EC0-301F-11D3-BF4B-00C04F79EFBC}") = "TaskTwo_RubicsCube", "TaskTwo_RubicsCube\TaskTwo_RubicsCube.csproj", "{90B361F9-9C93-412C-A02D-D032C1D0492D}"
EndProject
Global
	GlobalSection(SolutionConfigurationPlatforms) = preSolution
		Debug|Any CPU = Debug|Any CPU
		Release|Any CPU = Release|Any CPU
	EndGlobalSection
	GlobalSection(ProjectConfigurationPlatforms) = postSolution
		{40CD6672-0577-48C9-895D-D1761B6B6316}.Debug|Any CPU.ActiveCfg = Debug|Any CPU
		{40CD6672-0577-48C9-895D-D1761B6B6316}.Debug|Any CPU.Build.0 = Debug|Any CPU
		{40CD6672-0577-48C9-895D-D1761B6B6316}.Release|Any CPU.ActiveCfg = Release|Any CPU
		{40CD6672-0577-48C9-895D-D1761B6B6316}.Release|Any CPU.Build.0 = Release|Any CPU
		{E89C376B-7EDC-467F-ACFE-6AE70943BE61}.Debug|Any CPU.ActiveCfg = Debug|Any CPU
		{E89C376B-7EDC-467F-ACFE-6AE70943BE61}.Debug|Any CPU.Build.0 = Debug|Any CPU
		{E89C376B-7EDC-467F-ACFE-6AE70943BE61}.Release|Any CPU.ActiveCfg = Release|Any CPU
		{E89C376B-7EDC-467F-ACFE-6AE70943BE61}.Release|Any CPU.Build.0 = Release|Any CPU
		{24D0E89A-B776-44E6-86B4-71903FE78244}.Debug|Any CPU.ActiveCfg = Debug|Any CPU
		{24D0E89A-B776-44E6-86B4-71903FE78244}.Debug|Any CPU.Build.0 = Debug|Any CPU
		{24D0E89A-B776-44E6-86B4-71903FE78244}.Release|Any CPU.ActiveCfg = Release|Any CPU
		{24D0E89A-B776-44E6-86B4-71903FE78244}.Release|Any CPU.Build.0 = Release|Any CPU
		{90B361F9-9C93-412C-A02D-D032C1D0492D}.Debug|Any CPU.ActiveCfg = Debug|Any CPU
		{90B361F9-9C93-412C-A02D-D032C1D0492D}.Debug|Any CPU.Build.0 = Debug|Any CPU
		{90B361F9-9C93-412C-A02D-D032C1D0492D}.Release|Any CPU.ActiveCfg = Release|Any CPU
		{90B361F9-9C93-412C-A02D-D032C1D0492D}.Release|Any CPU.Build.0 = Release|Any CPU
	EndGlobalSection
	GlobalSection(SolutionProperties) = preSolution
		HideSolutionNode = FALSE
	EndGlobalSection
	GlobalSection(ExtensibilityGlobals) = postSolution
		SolutionGuid = {A6CD4355-4F6F-4F91-B306-31F77FC2847E}
	EndGlobalSection
EndGlobal
