
Microsoft Visual Studio Solution File, Format Version 12.00
# Visual Studio Version 17
VisualStudioVersion = 17.7.34009.444
MinimumVisualStudioVersion = 10.0.40219.1
Project("{9A19103F-16F7-4668-BE54-9A1E7A4F7556}") = "practiceProject", "practiceProject\practiceProject.csproj", "{B8FE383A-50BD-4853-9691-C198234AF71B}"
EndProject
Project("{9A19103F-16F7-4668-BE54-9A1E7A4F7556}") = "stringMethods", "stringMethods\stringMethods.csproj", "{0A5D3B8E-00EA-4378-916F-0C2D2139CCEC}"
EndProject
Global
	GlobalSection(SolutionConfigurationPlatforms) = preSolution
		Debug|Any CPU = Debug|Any CPU
		Release|Any CPU = Release|Any CPU
	EndGlobalSection
	GlobalSection(ProjectConfigurationPlatforms) = postSolution
		{B8FE383A-50BD-4853-9691-C198234AF71B}.Debug|Any CPU.ActiveCfg = Debug|Any CPU
		{B8FE383A-50BD-4853-9691-C198234AF71B}.Debug|Any CPU.Build.0 = Debug|Any CPU
		{B8FE383A-50BD-4853-9691-C198234AF71B}.Release|Any CPU.ActiveCfg = Release|Any CPU
		{B8FE383A-50BD-4853-9691-C198234AF71B}.Release|Any CPU.Build.0 = Release|Any CPU
		{0A5D3B8E-00EA-4378-916F-0C2D2139CCEC}.Debug|Any CPU.ActiveCfg = Debug|Any CPU
		{0A5D3B8E-00EA-4378-916F-0C2D2139CCEC}.Debug|Any CPU.Build.0 = Debug|Any CPU
		{0A5D3B8E-00EA-4378-916F-0C2D2139CCEC}.Release|Any CPU.ActiveCfg = Release|Any CPU
		{0A5D3B8E-00EA-4378-916F-0C2D2139CCEC}.Release|Any CPU.Build.0 = Release|Any CPU
	EndGlobalSection
	GlobalSection(SolutionProperties) = preSolution
		HideSolutionNode = FALSE
	EndGlobalSection
	GlobalSection(ExtensibilityGlobals) = postSolution
		SolutionGuid = {0228074F-D30C-45B4-AC2E-9916DAF60170}
	EndGlobalSection
EndGlobal
